
Microsoft Visual Studio Solution File, Format Version 12.00
# Visual Studio Version 17
VisualStudioVersion = 17.0.31903.59
MinimumVisualStudioVersion = 10.0.40219.1
Project("{FAE04EC0-301F-11D3-BF4B-00C04F79EFBC}") = "Host.Api", "Host.Api\Host.Api.csproj", "{787F71F5-69BB-430C-958D-003DAEB5EEAA}"
EndProject
Project("{FAE04EC0-301F-11D3-BF4B-00C04F79EFBC}") = "BuildingBlocks.Abstractions", "BuildingBlocks.Abstractions\BuildingBlocks.Abstractions.csproj", "{91911DE4-AC62-4187-AF4B-3C5FCA122492}"
EndProject
Project("{FAE04EC0-301F-11D3-BF4B-00C04F79EFBC}") = "BuildingBlocks.Infrastructure", "BuildingBlocks.Infrastructure\BuildingBlocks.Infrastructure.csproj", "{EE8486A9-3203-4F2C-A780-04B1F16EAC09}"
EndProject
Project("{2150E333-8FDC-42A3-9474-1A3956D46DE8}") = "Modules", "Modules", "{CA253913-39DE-BFD0-C9A3-4B7EC6FBDF17}"
EndProject
Project("{2150E333-8FDC-42A3-9474-1A3956D46DE8}") = "Identity", "Identity", "{293C06CD-4E17-48BD-9F3B-B5ADDFFA9425}"
EndProject
Project("{FAE04EC0-301F-11D3-BF4B-00C04F79EFBC}") = "Modules.Identity.Domain", "Modules\Identity\Modules.Identity.Domain\Modules.Identity.Domain.csproj", "{D8EFC0B7-F36A-4518-90EE-2E9C7ED12DF9}"
EndProject
Project("{FAE04EC0-301F-11D3-BF4B-00C04F79EFBC}") = "Modules.Identity.Application", "Modules\Identity\Modules.Identity.Application\Modules.Identity.Application.csproj", "{D0BFBAA3-90AF-4667-83EC-56C56C6DF1DD}"
EndProject
Project("{FAE04EC0-301F-11D3-BF4B-00C04F79EFBC}") = "Modules.Identity.Infrastructure", "Modules\Identity\Modules.Identity.Infrastructure\Modules.Identity.Infrastructure.csproj", "{9A92697F-9F69-4564-A45D-519CDADC04DB}"
EndProject
Project("{FAE04EC0-301F-11D3-BF4B-00C04F79EFBC}") = "Modules.Identity.Contracts", "Modules\Identity\Modules.Identity.Contracts\Modules.Identity.Contracts.csproj", "{6C7AEB96-049F-44FA-824F-7723B1DAFADF}"
EndProject
Project("{FAE04EC0-301F-11D3-BF4B-00C04F79EFBC}") = "Tests.Unit", "..\tests\Tests.Unit\Tests.Unit.csproj", "{2CAB36CC-7677-43C6-A13F-1A503C3EA661}"
EndProject
Project("{FAE04EC0-301F-11D3-BF4B-00C04F79EFBC}") = "BuildingBlocks.Web", "BuildingBlocks.Web\BuildingBlocks.Web.csproj", "{AFF8BFC3-1FA9-49FA-B054-06334F4B9865}"
EndProject
Global
	GlobalSection(SolutionConfigurationPlatforms) = preSolution
		Debug|Any CPU = Debug|Any CPU
		Debug|x64 = Debug|x64
		Debug|x86 = Debug|x86
		Release|Any CPU = Release|Any CPU
		Release|x64 = Release|x64
		Release|x86 = Release|x86
	EndGlobalSection
	GlobalSection(ProjectConfigurationPlatforms) = postSolution
		{787F71F5-69BB-430C-958D-003DAEB5EEAA}.Debug|Any CPU.ActiveCfg = Debug|Any CPU
		{787F71F5-69BB-430C-958D-003DAEB5EEAA}.Debug|Any CPU.Build.0 = Debug|Any CPU
		{787F71F5-69BB-430C-958D-003DAEB5EEAA}.Debug|x64.ActiveCfg = Debug|Any CPU
		{787F71F5-69BB-430C-958D-003DAEB5EEAA}.Debug|x64.Build.0 = Debug|Any CPU
		{787F71F5-69BB-430C-958D-003DAEB5EEAA}.Debug|x86.ActiveCfg = Debug|Any CPU
		{787F71F5-69BB-430C-958D-003DAEB5EEAA}.Debug|x86.Build.0 = Debug|Any CPU
		{787F71F5-69BB-430C-958D-003DAEB5EEAA}.Release|Any CPU.ActiveCfg = Release|Any CPU
		{787F71F5-69BB-430C-958D-003DAEB5EEAA}.Release|Any CPU.Build.0 = Release|Any CPU
		{787F71F5-69BB-430C-958D-003DAEB5EEAA}.Release|x64.ActiveCfg = Release|Any CPU
		{787F71F5-69BB-430C-958D-003DAEB5EEAA}.Release|x64.Build.0 = Release|Any CPU
		{787F71F5-69BB-430C-958D-003DAEB5EEAA}.Release|x86.ActiveCfg = Release|Any CPU
		{787F71F5-69BB-430C-958D-003DAEB5EEAA}.Release|x86.Build.0 = Release|Any CPU
		{91911DE4-AC62-4187-AF4B-3C5FCA122492}.Debug|Any CPU.ActiveCfg = Debug|Any CPU
		{91911DE4-AC62-4187-AF4B-3C5FCA122492}.Debug|Any CPU.Build.0 = Debug|Any CPU
		{91911DE4-AC62-4187-AF4B-3C5FCA122492}.Debug|x64.ActiveCfg = Debug|Any CPU
		{91911DE4-AC62-4187-AF4B-3C5FCA122492}.Debug|x64.Build.0 = Debug|Any CPU
		{91911DE4-AC62-4187-AF4B-3C5FCA122492}.Debug|x86.ActiveCfg = Debug|Any CPU
		{91911DE4-AC62-4187-AF4B-3C5FCA122492}.Debug|x86.Build.0 = Debug|Any CPU
		{91911DE4-AC62-4187-AF4B-3C5FCA122492}.Release|Any CPU.ActiveCfg = Release|Any CPU
		{91911DE4-AC62-4187-AF4B-3C5FCA122492}.Release|Any CPU.Build.0 = Release|Any CPU
		{91911DE4-AC62-4187-AF4B-3C5FCA122492}.Release|x64.ActiveCfg = Release|Any CPU
		{91911DE4-AC62-4187-AF4B-3C5FCA122492}.Release|x64.Build.0 = Release|Any CPU
		{91911DE4-AC62-4187-AF4B-3C5FCA122492}.Release|x86.ActiveCfg = Release|Any CPU
		{91911DE4-AC62-4187-AF4B-3C5FCA122492}.Release|x86.Build.0 = Release|Any CPU
		{EE8486A9-3203-4F2C-A780-04B1F16EAC09}.Debug|Any CPU.ActiveCfg = Debug|Any CPU
		{EE8486A9-3203-4F2C-A780-04B1F16EAC09}.Debug|Any CPU.Build.0 = Debug|Any CPU
		{EE8486A9-3203-4F2C-A780-04B1F16EAC09}.Debug|x64.ActiveCfg = Debug|Any CPU
		{EE8486A9-3203-4F2C-A780-04B1F16EAC09}.Debug|x64.Build.0 = Debug|Any CPU
		{EE8486A9-3203-4F2C-A780-04B1F16EAC09}.Debug|x86.ActiveCfg = Debug|Any CPU
		{EE8486A9-3203-4F2C-A780-04B1F16EAC09}.Debug|x86.Build.0 = Debug|Any CPU
		{EE8486A9-3203-4F2C-A780-04B1F16EAC09}.Release|Any CPU.ActiveCfg = Release|Any CPU
		{EE8486A9-3203-4F2C-A780-04B1F16EAC09}.Release|Any CPU.Build.0 = Release|Any CPU
		{EE8486A9-3203-4F2C-A780-04B1F16EAC09}.Release|x64.ActiveCfg = Release|Any CPU
		{EE8486A9-3203-4F2C-A780-04B1F16EAC09}.Release|x64.Build.0 = Release|Any CPU
		{EE8486A9-3203-4F2C-A780-04B1F16EAC09}.Release|x86.ActiveCfg = Release|Any CPU
		{EE8486A9-3203-4F2C-A780-04B1F16EAC09}.Release|x86.Build.0 = Release|Any CPU
		{D8EFC0B7-F36A-4518-90EE-2E9C7ED12DF9}.Debug|Any CPU.ActiveCfg = Debug|Any CPU
		{D8EFC0B7-F36A-4518-90EE-2E9C7ED12DF9}.Debug|Any CPU.Build.0 = Debug|Any CPU
		{D8EFC0B7-F36A-4518-90EE-2E9C7ED12DF9}.Debug|x64.ActiveCfg = Debug|Any CPU
		{D8EFC0B7-F36A-4518-90EE-2E9C7ED12DF9}.Debug|x64.Build.0 = Debug|Any CPU
		{D8EFC0B7-F36A-4518-90EE-2E9C7ED12DF9}.Debug|x86.ActiveCfg = Debug|Any CPU
		{D8EFC0B7-F36A-4518-90EE-2E9C7ED12DF9}.Debug|x86.Build.0 = Debug|Any CPU
		{D8EFC0B7-F36A-4518-90EE-2E9C7ED12DF9}.Release|Any CPU.ActiveCfg = Release|Any CPU
		{D8EFC0B7-F36A-4518-90EE-2E9C7ED12DF9}.Release|Any CPU.Build.0 = Release|Any CPU
		{D8EFC0B7-F36A-4518-90EE-2E9C7ED12DF9}.Release|x64.ActiveCfg = Release|Any CPU
		{D8EFC0B7-F36A-4518-90EE-2E9C7ED12DF9}.Release|x64.Build.0 = Release|Any CPU
		{D8EFC0B7-F36A-4518-90EE-2E9C7ED12DF9}.Release|x86.ActiveCfg = Release|Any CPU
		{D8EFC0B7-F36A-4518-90EE-2E9C7ED12DF9}.Release|x86.Build.0 = Release|Any CPU
		{D0BFBAA3-90AF-4667-83EC-56C56C6DF1DD}.Debug|Any CPU.ActiveCfg = Debug|Any CPU
		{D0BFBAA3-90AF-4667-83EC-56C56C6DF1DD}.Debug|Any CPU.Build.0 = Debug|Any CPU
		{D0BFBAA3-90AF-4667-83EC-56C56C6DF1DD}.Debug|x64.ActiveCfg = Debug|Any CPU
		{D0BFBAA3-90AF-4667-83EC-56C56C6DF1DD}.Debug|x64.Build.0 = Debug|Any CPU
		{D0BFBAA3-90AF-4667-83EC-56C56C6DF1DD}.Debug|x86.ActiveCfg = Debug|Any CPU
		{D0BFBAA3-90AF-4667-83EC-56C56C6DF1DD}.Debug|x86.Build.0 = Debug|Any CPU
		{D0BFBAA3-90AF-4667-83EC-56C56C6DF1DD}.Release|Any CPU.ActiveCfg = Release|Any CPU
		{D0BFBAA3-90AF-4667-83EC-56C56C6DF1DD}.Release|Any CPU.Build.0 = Release|Any CPU
		{D0BFBAA3-90AF-4667-83EC-56C56C6DF1DD}.Release|x64.ActiveCfg = Release|Any CPU
		{D0BFBAA3-90AF-4667-83EC-56C56C6DF1DD}.Release|x64.Build.0 = Release|Any CPU
		{D0BFBAA3-90AF-4667-83EC-56C56C6DF1DD}.Release|x86.ActiveCfg = Release|Any CPU
		{D0BFBAA3-90AF-4667-83EC-56C56C6DF1DD}.Release|x86.Build.0 = Release|Any CPU
		{9A92697F-9F69-4564-A45D-519CDADC04DB}.Debug|Any CPU.ActiveCfg = Debug|Any CPU
		{9A92697F-9F69-4564-A45D-519CDADC04DB}.Debug|Any CPU.Build.0 = Debug|Any CPU
		{9A92697F-9F69-4564-A45D-519CDADC04DB}.Debug|x64.ActiveCfg = Debug|Any CPU
		{9A92697F-9F69-4564-A45D-519CDADC04DB}.Debug|x64.Build.0 = Debug|Any CPU
		{9A92697F-9F69-4564-A45D-519CDADC04DB}.Debug|x86.ActiveCfg = Debug|Any CPU
		{9A92697F-9F69-4564-A45D-519CDADC04DB}.Debug|x86.Build.0 = Debug|Any CPU
		{9A92697F-9F69-4564-A45D-519CDADC04DB}.Release|Any CPU.ActiveCfg = Release|Any CPU
		{9A92697F-9F69-4564-A45D-519CDADC04DB}.Release|Any CPU.Build.0 = Release|Any CPU
		{9A92697F-9F69-4564-A45D-519CDADC04DB}.Release|x64.ActiveCfg = Release|Any CPU
		{9A92697F-9F69-4564-A45D-519CDADC04DB}.Release|x64.Build.0 = Release|Any CPU
		{9A92697F-9F69-4564-A45D-519CDADC04DB}.Release|x86.ActiveCfg = Release|Any CPU
		{9A92697F-9F69-4564-A45D-519CDADC04DB}.Release|x86.Build.0 = Release|Any CPU
		{6C7AEB96-049F-44FA-824F-7723B1DAFADF}.Debug|Any CPU.ActiveCfg = Debug|Any CPU
		{6C7AEB96-049F-44FA-824F-7723B1DAFADF}.Debug|Any CPU.Build.0 = Debug|Any CPU
		{6C7AEB96-049F-44FA-824F-7723B1DAFADF}.Debug|x64.ActiveCfg = Debug|Any CPU
		{6C7AEB96-049F-44FA-824F-7723B1DAFADF}.Debug|x64.Build.0 = Debug|Any CPU
		{6C7AEB96-049F-44FA-824F-7723B1DAFADF}.Debug|x86.ActiveCfg = Debug|Any CPU
		{6C7AEB96-049F-44FA-824F-7723B1DAFADF}.Debug|x86.Build.0 = Debug|Any CPU
		{6C7AEB96-049F-44FA-824F-7723B1DAFADF}.Release|Any CPU.ActiveCfg = Release|Any CPU
		{6C7AEB96-049F-44FA-824F-7723B1DAFADF}.Release|Any CPU.Build.0 = Release|Any CPU
		{6C7AEB96-049F-44FA-824F-7723B1DAFADF}.Release|x64.ActiveCfg = Release|Any CPU
		{6C7AEB96-049F-44FA-824F-7723B1DAFADF}.Release|x64.Build.0 = Release|Any CPU
		{6C7AEB96-049F-44FA-824F-7723B1DAFADF}.Release|x86.ActiveCfg = Release|Any CPU
		{6C7AEB96-049F-44FA-824F-7723B1DAFADF}.Release|x86.Build.0 = Release|Any CPU
		{2CAB36CC-7677-43C6-A13F-1A503C3EA661}.Debug|Any CPU.ActiveCfg = Debug|Any CPU
		{2CAB36CC-7677-43C6-A13F-1A503C3EA661}.Debug|Any CPU.Build.0 = Debug|Any CPU
		{2CAB36CC-7677-43C6-A13F-1A503C3EA661}.Debug|x64.ActiveCfg = Debug|Any CPU
		{2CAB36CC-7677-43C6-A13F-1A503C3EA661}.Debug|x64.Build.0 = Debug|Any CPU
		{2CAB36CC-7677-43C6-A13F-1A503C3EA661}.Debug|x86.ActiveCfg = Debug|Any CPU
		{2CAB36CC-7677-43C6-A13F-1A503C3EA661}.Debug|x86.Build.0 = Debug|Any CPU
		{2CAB36CC-7677-43C6-A13F-1A503C3EA661}.Release|Any CPU.ActiveCfg = Release|Any CPU
		{2CAB36CC-7677-43C6-A13F-1A503C3EA661}.Release|Any CPU.Build.0 = Release|Any CPU
		{2CAB36CC-7677-43C6-A13F-1A503C3EA661}.Release|x64.ActiveCfg = Release|Any CPU
		{2CAB36CC-7677-43C6-A13F-1A503C3EA661}.Release|x64.Build.0 = Release|Any CPU
		{2CAB36CC-7677-43C6-A13F-1A503C3EA661}.Release|x86.ActiveCfg = Release|Any CPU
		{2CAB36CC-7677-43C6-A13F-1A503C3EA661}.Release|x86.Build.0 = Release|Any CPU
		{AFF8BFC3-1FA9-49FA-B054-06334F4B9865}.Debug|Any CPU.ActiveCfg = Debug|Any CPU
		{AFF8BFC3-1FA9-49FA-B054-06334F4B9865}.Debug|Any CPU.Build.0 = Debug|Any CPU
		{AFF8BFC3-1FA9-49FA-B054-06334F4B9865}.Debug|x64.ActiveCfg = Debug|Any CPU
		{AFF8BFC3-1FA9-49FA-B054-06334F4B9865}.Debug|x64.Build.0 = Debug|Any CPU
		{AFF8BFC3-1FA9-49FA-B054-06334F4B9865}.Debug|x86.ActiveCfg = Debug|Any CPU
		{AFF8BFC3-1FA9-49FA-B054-06334F4B9865}.Debug|x86.Build.0 = Debug|Any CPU
		{AFF8BFC3-1FA9-49FA-B054-06334F4B9865}.Release|Any CPU.ActiveCfg = Release|Any CPU
		{AFF8BFC3-1FA9-49FA-B054-06334F4B9865}.Release|Any CPU.Build.0 = Release|Any CPU
		{AFF8BFC3-1FA9-49FA-B054-06334F4B9865}.Release|x64.ActiveCfg = Release|Any CPU
		{AFF8BFC3-1FA9-49FA-B054-06334F4B9865}.Release|x64.Build.0 = Release|Any CPU
		{AFF8BFC3-1FA9-49FA-B054-06334F4B9865}.Release|x86.ActiveCfg = Release|Any CPU
		{AFF8BFC3-1FA9-49FA-B054-06334F4B9865}.Release|x86.Build.0 = Release|Any CPU
	EndGlobalSection
	GlobalSection(SolutionProperties) = preSolution
		HideSolutionNode = FALSE
	EndGlobalSection
	GlobalSection(NestedProjects) = preSolution
		{293C06CD-4E17-48BD-9F3B-B5ADDFFA9425} = {CA253913-39DE-BFD0-C9A3-4B7EC6FBDF17}
		{D8EFC0B7-F36A-4518-90EE-2E9C7ED12DF9} = {293C06CD-4E17-48BD-9F3B-B5ADDFFA9425}
		{D0BFBAA3-90AF-4667-83EC-56C56C6DF1DD} = {293C06CD-4E17-48BD-9F3B-B5ADDFFA9425}
		{9A92697F-9F69-4564-A45D-519CDADC04DB} = {293C06CD-4E17-48BD-9F3B-B5ADDFFA9425}
		{6C7AEB96-049F-44FA-824F-7723B1DAFADF} = {293C06CD-4E17-48BD-9F3B-B5ADDFFA9425}
	EndGlobalSection
EndGlobal
